
Microsoft Visual Studio Solution File, Format Version 12.00
# Visual Studio Version 17
VisualStudioVersion = 17.3.32922.545
MinimumVisualStudioVersion = 10.0.40219.1
Project("{FAE04EC0-301F-11D3-BF4B-00C04F79EFBC}") = "Lesson_Task1", "Lesson_Task1\Lesson_Task1.csproj", "{693CF005-7F96-417A-AEC8-902DAE7F9C98}"
EndProject
Project("{FAE04EC0-301F-11D3-BF4B-00C04F79EFBC}") = "Lesson_Task2", "Lesson_Task2\Lesson_Task2.csproj", "{54649838-81C4-48F4-A3DD-EB4054926F43}"
EndProject
Project("{FAE04EC0-301F-11D3-BF4B-00C04F79EFBC}") = "Ex_Task1", "Ex_Task1\Ex_Task1.csproj", "{BD6415B0-1E5E-4F55-B74A-67A3CE995067}"
EndProject
Project("{FAE04EC0-301F-11D3-BF4B-00C04F79EFBC}") = "HW_Task1", "HW_Task1\HW_Task1.csproj", "{D47688F9-5E57-498C-B713-1228F1BE467D}"
EndProject
Global
	GlobalSection(SolutionConfigurationPlatforms) = preSolution
		Debug|Any CPU = Debug|Any CPU
		Release|Any CPU = Release|Any CPU
	EndGlobalSection
	GlobalSection(ProjectConfigurationPlatforms) = postSolution
		{693CF005-7F96-417A-AEC8-902DAE7F9C98}.Debug|Any CPU.ActiveCfg = Debug|Any CPU
		{693CF005-7F96-417A-AEC8-902DAE7F9C98}.Debug|Any CPU.Build.0 = Debug|Any CPU
		{693CF005-7F96-417A-AEC8-902DAE7F9C98}.Release|Any CPU.ActiveCfg = Release|Any CPU
		{693CF005-7F96-417A-AEC8-902DAE7F9C98}.Release|Any CPU.Build.0 = Release|Any CPU
		{54649838-81C4-48F4-A3DD-EB4054926F43}.Debug|Any CPU.ActiveCfg = Debug|Any CPU
		{54649838-81C4-48F4-A3DD-EB4054926F43}.Debug|Any CPU.Build.0 = Debug|Any CPU
		{54649838-81C4-48F4-A3DD-EB4054926F43}.Release|Any CPU.ActiveCfg = Release|Any CPU
		{54649838-81C4-48F4-A3DD-EB4054926F43}.Release|Any CPU.Build.0 = Release|Any CPU
		{BD6415B0-1E5E-4F55-B74A-67A3CE995067}.Debug|Any CPU.ActiveCfg = Debug|Any CPU
		{BD6415B0-1E5E-4F55-B74A-67A3CE995067}.Debug|Any CPU.Build.0 = Debug|Any CPU
		{BD6415B0-1E5E-4F55-B74A-67A3CE995067}.Release|Any CPU.ActiveCfg = Release|Any CPU
		{BD6415B0-1E5E-4F55-B74A-67A3CE995067}.Release|Any CPU.Build.0 = Release|Any CPU
		{D47688F9-5E57-498C-B713-1228F1BE467D}.Debug|Any CPU.ActiveCfg = Debug|Any CPU
		{D47688F9-5E57-498C-B713-1228F1BE467D}.Debug|Any CPU.Build.0 = Debug|Any CPU
		{D47688F9-5E57-498C-B713-1228F1BE467D}.Release|Any CPU.ActiveCfg = Release|Any CPU
		{D47688F9-5E57-498C-B713-1228F1BE467D}.Release|Any CPU.Build.0 = Release|Any CPU
	EndGlobalSection
	GlobalSection(SolutionProperties) = preSolution
		HideSolutionNode = FALSE
	EndGlobalSection
	GlobalSection(ExtensibilityGlobals) = postSolution
		SolutionGuid = {BAF371CF-5ABB-44F9-92E1-6D370CCBDCA8}
	EndGlobalSection
EndGlobal
